
Microsoft Visual Studio Solution File, Format Version 12.00
# Visual Studio Version 16
VisualStudioVersion = 16.0.31729.503
MinimumVisualStudioVersion = 10.0.40219.1
Project("{FAE04EC0-301F-11D3-BF4B-00C04F79EFBC}") = "HomeWork_Algorhythmic_Basics_5", "HomeWork_Algorhythmic_Basics_5.csproj", "{8CA674F5-8553-4F38-92A6-5C9E9FA44774}"
EndProject
Global
	GlobalSection(SolutionConfigurationPlatforms) = preSolution
		Debug|Any CPU = Debug|Any CPU
		Release|Any CPU = Release|Any CPU
	EndGlobalSection
	GlobalSection(ProjectConfigurationPlatforms) = postSolution
		{8CA674F5-8553-4F38-92A6-5C9E9FA44774}.Debug|Any CPU.ActiveCfg = Debug|Any CPU
		{8CA674F5-8553-4F38-92A6-5C9E9FA44774}.Debug|Any CPU.Build.0 = Debug|Any CPU
		{8CA674F5-8553-4F38-92A6-5C9E9FA44774}.Release|Any CPU.ActiveCfg = Release|Any CPU
		{8CA674F5-8553-4F38-92A6-5C9E9FA44774}.Release|Any CPU.Build.0 = Release|Any CPU
	EndGlobalSection
	GlobalSection(SolutionProperties) = preSolution
		HideSolutionNode = FALSE
	EndGlobalSection
	GlobalSection(ExtensibilityGlobals) = postSolution
		SolutionGuid = {D43A289A-FEBB-4910-8A06-C6525818A1DE}
	EndGlobalSection
EndGlobal
