
Microsoft Visual Studio Solution File, Format Version 12.00
# Visual Studio Version 16
VisualStudioVersion = 16.0.31729.503
MinimumVisualStudioVersion = 10.0.40219.1
Project("{FAE04EC0-301F-11D3-BF4B-00C04F79EFBC}") = "HomeWork_Algorhythmic_Basics_6", "HomeWork_Algorhythmic_Basics_6.csproj", "{6EA1D9C9-7442-4F20-ABD5-2729E2B5FDC3}"
EndProject
Global
	GlobalSection(SolutionConfigurationPlatforms) = preSolution
		Debug|Any CPU = Debug|Any CPU
		Release|Any CPU = Release|Any CPU
	EndGlobalSection
	GlobalSection(ProjectConfigurationPlatforms) = postSolution
		{6EA1D9C9-7442-4F20-ABD5-2729E2B5FDC3}.Debug|Any CPU.ActiveCfg = Debug|Any CPU
		{6EA1D9C9-7442-4F20-ABD5-2729E2B5FDC3}.Debug|Any CPU.Build.0 = Debug|Any CPU
		{6EA1D9C9-7442-4F20-ABD5-2729E2B5FDC3}.Release|Any CPU.ActiveCfg = Release|Any CPU
		{6EA1D9C9-7442-4F20-ABD5-2729E2B5FDC3}.Release|Any CPU.Build.0 = Release|Any CPU
	EndGlobalSection
	GlobalSection(SolutionProperties) = preSolution
		HideSolutionNode = FALSE
	EndGlobalSection
	GlobalSection(ExtensibilityGlobals) = postSolution
		SolutionGuid = {78C6CADA-0D71-4767-B3A2-1D314056F937}
	EndGlobalSection
EndGlobal
